
Microsoft Visual Studio Solution File, Format Version 12.00
# Visual Studio Version 16
VisualStudioVersion = 16.0.31515.178
MinimumVisualStudioVersion = 10.0.40219.1
Project("{FAE04EC0-301F-11D3-BF4B-00C04F79EFBC}") = "Aula10_relacionamento1toN", "Aula10_relacionamento1toN\Aula10_relacionamento1toN.csproj", "{1469E53A-70DA-4311-8140-9E1B79C6514C}"
EndProject
Global
	GlobalSection(SolutionConfigurationPlatforms) = preSolution
		Debug|Any CPU = Debug|Any CPU
		Release|Any CPU = Release|Any CPU
	EndGlobalSection
	GlobalSection(ProjectConfigurationPlatforms) = postSolution
		{1469E53A-70DA-4311-8140-9E1B79C6514C}.Debug|Any CPU.ActiveCfg = Debug|Any CPU
		{1469E53A-70DA-4311-8140-9E1B79C6514C}.Debug|Any CPU.Build.0 = Debug|Any CPU
		{1469E53A-70DA-4311-8140-9E1B79C6514C}.Release|Any CPU.ActiveCfg = Release|Any CPU
		{1469E53A-70DA-4311-8140-9E1B79C6514C}.Release|Any CPU.Build.0 = Release|Any CPU
	EndGlobalSection
	GlobalSection(SolutionProperties) = preSolution
		HideSolutionNode = FALSE
	EndGlobalSection
	GlobalSection(ExtensibilityGlobals) = postSolution
		SolutionGuid = {C174BC0C-85FE-4E92-A8E7-A0A1A159D4E3}
	EndGlobalSection
EndGlobal
